<?xml version="1.0" encoding="utf-8"?>
<Project ToolsVersion="4.0" xmlns="http://schemas.microsoft.com/developer/msbuild/2003">
  <ItemGroup>
    <Filter Include="Source Files">
      <UniqueIdentifier>{4FC737F1-C7A5-4376-A066-2A32D752A2FF}</UniqueIdentifier>
      <Extensions>cpp;c;cc;cxx;def;odl;idl;hpj;bat;asm;asmx</Extensions>
    </Filter>
    <Filter Include="Header Files">
      <UniqueIdentifier>{93995380-89BD-4b04-88EB-625FBE52EBFB}</UniqueIdentifier>
      <Extensions>h;hh;hpp;hxx;hm;inl;inc;ipp;xsd</Extensions>
    </Filter>
    <Filter Include="Resource Files">
      <UniqueIdentifier>{67DA6AB6-F800-4c08-8B7A-83BB121AAD01}</UniqueIdentifier>
      <Extensions>rc;ico;cur;bmp;dlg;rc2;rct;bin;rgs;gif;jpg;jpeg;jpe;resx;tiff;tif;png;wav;mfcribbon-ms</Extensions>
    </Filter>
  </ItemGroup>
  <ItemGroup>
    <ClCompile Include="asset\asset.cpp">
      <Filter>Source Files</Filter>
    </ClCompile>
    <ClCompile Include="asset\loader.cpp">
      <Filter>Source Files</Filter>
    </ClCompile>
    <ClCompile Include="asset\materialloader.cpp">
      <Filter>Source Files</Filter>
    </ClCompile>
    <ClCompile Include="asset\pngloader.cpp">
      <Filter>Source Files</Filter>
    </ClCompile>
    <ClCompile Include="filesystem\filesystem.cpp">
      <Filter>Source Files</Filter>
    </ClCompile>
    <ClCompile Include="filesystem\pluginloader.cpp">
      <Filter>Source Files</Filter>
    </ClCompile>
    <ClCompile Include="input\input.cpp">
      <Filter>Source Files</Filter>
    </ClCompile>
    <ClCompile Include="render\c_modelmanager.cpp">
      <Filter>Source Files</Filter>
    </ClCompile>
    <ClCompile Include="render\c_shader.cpp">
      <Filter>Source Files</Filter>
    </ClCompile>
    <ClCompile Include="render\c_shadermanager.cpp">
      <Filter>Source Files</Filter>
    </ClCompile>
    <ClCompile Include="render\render.cpp">
      <Filter>Source Files</Filter>
    </ClCompile>
    <ClCompile Include="screen\screen.cpp">
      <Filter>Source Files</Filter>
    </ClCompile>
    <ClCompile Include="render\c_camera.cpp">
      <Filter>Source Files</Filter>
    </ClCompile>
    <ClCompile Include="render\c_renderer.cpp">
      <Filter>Source Files</Filter>
    </ClCompile>
    <ClCompile Include="render\c_dx11renderer.cpp">
      <Filter>Source Files</Filter>
    </ClCompile>
    <ClCompile Include="ecs\components\c_rendercomponent.cpp">
      <Filter>Source Files</Filter>
    </ClCompile>
    <ClCompile Include="ecs\entity\c_entity.cpp">
      <Filter>Source Files</Filter>
    </ClCompile>
    <ClCompile Include="c_world.cpp">
      <Filter>Source Files</Filter>
    </ClCompile>
  </ItemGroup>
  <ItemGroup>
    <ClInclude Include="asset\asset.h">
      <Filter>Header Files</Filter>
    </ClInclude>
    <ClInclude Include="asset\c_dataobject.h">
      <Filter>Header Files</Filter>
    </ClInclude>
    <ClInclude Include="asset\c_materialdata.h">
      <Filter>Header Files</Filter>
    </ClInclude>
    <ClInclude Include="asset\c_modeldata.h">
      <Filter>Header Files</Filter>
    </ClInclude>
    <ClInclude Include="asset\c_texturedata.h">
      <Filter>Header Files</Filter>
    </ClInclude>
    <ClInclude Include="asset\jobs.h">
      <Filter>Header Files</Filter>
    </ClInclude>
    <ClInclude Include="asset\loader.h">
      <Filter>Header Files</Filter>
    </ClInclude>
    <ClInclude Include="asset\materialloader.h">
      <Filter>Header Files</Filter>
    </ClInclude>
    <ClInclude Include="asset\pngloader.h">
      <Filter>Header Files</Filter>
    </ClInclude>
    <ClInclude Include="filesystem\c_plugin.h">
      <Filter>Header Files</Filter>
    </ClInclude>
    <ClInclude Include="filesystem\filesystem.h">
      <Filter>Header Files</Filter>
    </ClInclude>
    <ClInclude Include="filesystem\pluginloader.h">
      <Filter>Header Files</Filter>
    </ClInclude>
    <ClInclude Include="input\input.h">
      <Filter>Header Files</Filter>
    </ClInclude>
    <ClInclude Include="render\c_material.h">
      <Filter>Header Files</Filter>
    </ClInclude>
    <ClInclude Include="render\c_materialmanager.h">
      <Filter>Header Files</Filter>
    </ClInclude>
    <ClInclude Include="render\c_model.h">
      <Filter>Header Files</Filter>
    </ClInclude>
    <ClInclude Include="render\c_modelmanager.h">
      <Filter>Header Files</Filter>
    </ClInclude>
    <ClInclude Include="render\c_shader.h">
      <Filter>Header Files</Filter>
    </ClInclude>
    <ClInclude Include="render\c_shadermanager.h">
      <Filter>Header Files</Filter>
    </ClInclude>
    <ClInclude Include="render\c_texture.h">
      <Filter>Header Files</Filter>
    </ClInclude>
    <ClInclude Include="render\c_texturemanager.h">
      <Filter>Header Files</Filter>
    </ClInclude>
    <ClInclude Include="render\jobs.h">
      <Filter>Header Files</Filter>
    </ClInclude>
    <ClInclude Include="render\render.h">
      <Filter>Header Files</Filter>
    </ClInclude>
    <ClInclude Include="screen\screen.h">
      <Filter>Header Files</Filter>
    </ClInclude>
    <ClInclude Include="pch.h">
      <Filter>Header Files</Filter>
    </ClInclude>
    <ClInclude Include="framework.h">
      <Filter>Header Files</Filter>
    </ClInclude>
    <ClInclude Include="render\c_camera.h">
      <Filter>Header Files</Filter>
    </ClInclude>
    <ClInclude Include="render\c_renderer.h">
      <Filter>Header Files</Filter>
    </ClInclude>
    <ClInclude Include="render\c_dx11renderer.h">
      <Filter>Header Files</Filter>
    </ClInclude>
    <ClInclude Include="c_job.h">
      <Filter>Header Files</Filter>
    </ClInclude>
    <ClInclude Include="log.h">
      <Filter>Header Files</Filter>
    </ClInclude>
    <ClInclude Include="transform.h">
      <Filter>Header Files</Filter>
    </ClInclude>
    <ClInclude Include="ecs\components\c_component.h">
      <Filter>Header Files</Filter>
    </ClInclude>
    <ClInclude Include="ecs\components\c_rendercomponent.h">
      <Filter>Header Files</Filter>
    </ClInclude>
    <ClInclude Include="ecs\entity\c_entity.h">
      <Filter>Header Files</Filter>
    </ClInclude>
    <ClInclude Include="c_world.h">
      <Filter>Header Files</Filter>
    </ClInclude>
  </ItemGroup>
</Project>